// !$*UTF8*$!
{
	archiveVersion = 1;
	classes = {
	};
	objectVersion = 50;
	objects = {

/* Begin PBXBuildFile section */
		AD22919124890146001E1A26 /* main.m in Sources */ = {isa = PBXBuildFile; fileRef = AD22919024890146001E1A26 /* main.m */; };
		AD22919924890374001E1A26 /* Person.m in Sources */ = {isa = PBXBuildFile; fileRef = AD22919824890374001E1A26 /* Person.m */; };
		ADDE349F24AF25B800DFD72E /* Person+Eat.m in Sources */ = {isa = PBXBuildFile; fileRef = ADDE349E24AF25B800DFD72E /* Person+Eat.m */; };
		ADDE34A224AF25E500DFD72E /* Person+Sleep.m in Sources */ = {isa = PBXBuildFile; fileRef = ADDE34A124AF25E500DFD72E /* Person+Sleep.m */; };
/* End PBXBuildFile section */

/* Begin PBXCopyFilesBuildPhase section */
		AD22918B24890146001E1A26 /* Copy Files */ = {
			isa = PBXCopyFilesBuildPhase;
			buildActionMask = 2147483647;
			dstPath = /usr/share/man/man1/;
			dstSubfolderSpec = 0;
			files = (
			);
			name = "Copy Files";
			runOnlyForDeploymentPostprocessing = 1;
		};
/* End PBXCopyFilesBuildPhase section */

/* Begin PBXFileReference section */
		AD22918D24890146001E1A26 /* CategoryPrinciple */ = {isa = PBXFileReference; explicitFileType = "compiled.mach-o.executable"; includeInIndex = 0; path = CategoryPrinciple; sourceTree = BUILT_PRODUCTS_DIR; };
		AD22919024890146001E1A26 /* main.m */ = {isa = PBXFileReference; lastKnownFileType = sourcecode.c.objc; path = main.m; sourceTree = "<group>"; };
		AD22919724890374001E1A26 /* Person.h */ = {isa = PBXFileReference; lastKnownFileType = sourcecode.c.h; path = Person.h; sourceTree = "<group>"; };
		AD22919824890374001E1A26 /* Person.m */ = {isa = PBXFileReference; lastKnownFileType = sourcecode.c.objc; path = Person.m; sourceTree = "<group>"; };
		ADDE349D24AF25B800DFD72E /* Person+Eat.h */ = {isa = PBXFileReference; lastKnownFileType = sourcecode.c.h; path = "Person+Eat.h"; sourceTree = "<group>"; };
		ADDE349E24AF25B800DFD72E /* Person+Eat.m */ = {isa = PBXFileReference; lastKnownFileType = sourcecode.c.objc; path = "Person+Eat.m"; sourceTree = "<group>"; };
		ADDE34A024AF25E500DFD72E /* Person+Sleep.h */ = {isa = PBXFileReference; lastKnownFileType = sourcecode.c.h; path = "Person+Sleep.h"; sourceTree = "<group>"; };
		ADDE34A124AF25E500DFD72E /* Person+Sleep.m */ = {isa = PBXFileReference; lastKnownFileType = sourcecode.c.objc; path = "Person+Sleep.m"; sourceTree = "<group>"; };
		ADDE34A324AF261500DFD72E /* main.cpp */ = {isa = PBXFileReference; lastKnownFileType = sourcecode.cpp.cpp; path = main.cpp; sourceTree = "<group>"; };
		ADDE34A424AF26DE00DFD72E /* Person+Sleep.cpp */ = {isa = PBXFileReference; lastKnownFileType = sourcecode.cpp.cpp; path = "Person+Sleep.cpp"; sourceTree = "<group>"; };
		ADDE34A624AF27DF00DFD72E /* Person+Eat.cpp */ = {isa = PBXFileReference; lastKnownFileType = sourcecode.cpp.cpp; path = "Person+Eat.cpp"; sourceTree = "<group>"; };
		ADDE34A824AF352E00DFD72E /* Person.cpp */ = {isa = PBXFileReference; lastKnownFileType = sourcecode.cpp.cpp; path = Person.cpp; sourceTree = "<group>"; };
/* End PBXFileReference section */

/* Begin PBXFrameworksBuildPhase section */
		AD22918A24890146001E1A26 /* Frameworks */ = {
			isa = PBXFrameworksBuildPhase;
			buildActionMask = 2147483647;
			files = (
			);
			runOnlyForDeploymentPostprocessing = 0;
		};
/* End PBXFrameworksBuildPhase section */

/* Begin PBXGroup section */
		AD22918424890146001E1A26 = {
			isa = PBXGroup;
			children = (
				AD22918F24890146001E1A26 /* CategoryPrinciple */,
				AD22918E24890146001E1A26 /* Products */,
			);
			sourceTree = "<group>";
		};
		AD22918E24890146001E1A26 /* Products */ = {
			isa = PBXGroup;
			children = (
				AD22918D24890146001E1A26 /* CategoryPrinciple */,
			);
			name = Products;
			sourceTree = "<group>";
		};
		AD22918F24890146001E1A26 /* CategoryPrinciple */ = {
			isa = PBXGroup;
			children = (
				ADDE34A324AF261500DFD72E /* main.cpp */,
				AD22919024890146001E1A26 /* main.m */,
				AD22919724890374001E1A26 /* Person.h */,
				AD22919824890374001E1A26 /* Person.m */,
				ADDE34A824AF352E00DFD72E /* Person.cpp */,
				ADDE34A024AF25E500DFD72E /* Person+Sleep.h */,
				ADDE34A124AF25E500DFD72E /* Person+Sleep.m */,
				ADDE34A424AF26DE00DFD72E /* Person+Sleep.cpp */,
				ADDE349D24AF25B800DFD72E /* Person+Eat.h */,
				ADDE349E24AF25B800DFD72E /* Person+Eat.m */,
				ADDE34A624AF27DF00DFD72E /* Person+Eat.cpp */,
			);
			path = CategoryPrinciple;
			sourceTree = "<group>";
		};
/* End PBXGroup section */

/* Begin PBXNativeTarget section */
		AD22918C24890146001E1A26 /* CategoryPrinciple */ = {
			isa = PBXNativeTarget;
			buildConfigurationList = AD22919424890146001E1A26 /* Build configuration list for PBXNativeTarget "CategoryPrinciple" */;
			buildPhases = (
				AD22918924890146001E1A26 /* Sources */,
				AD22918A24890146001E1A26 /* Frameworks */,
				AD22918B24890146001E1A26 /* Copy Files */,
			);
			buildRules = (
			);
			dependencies = (
			);
			name = CategoryPrinciple;
			productName = CategoryPrinciple;
			productReference = AD22918D24890146001E1A26 /* CategoryPrinciple */;
			productType = "com.apple.product-type.tool";
		};
/* End PBXNativeTarget section */

/* Begin PBXProject section */
		AD22918524890146001E1A26 /* Project object */ = {
			isa = PBXProject;
			attributes = {
				LastUpgradeCheck = 1140;
				ORGANIZATIONNAME = zzh;
				TargetAttributes = {
					AD22918C24890146001E1A26 = {
						CreatedOnToolsVersion = 11.4.1;
					};
				};
			};
			buildConfigurationList = AD22918824890146001E1A26 /* Build configuration list for PBXProject "CategoryPrinciple" */;
			compatibilityVersion = "Xcode 9.3";
			developmentRegion = en;
			hasScannedForEncodings = 0;
			knownRegions = (
				en,
				Base,
			);
			mainGroup = AD22918424890146001E1A26;
			productRefGroup = AD22918E24890146001E1A26 /* Products */;
			projectDirPath = "";
			projectRoot = "";
			targets = (
				AD22918C24890146001E1A26 /* CategoryPrinciple */,
			);
		};
/* End PBXProject section */

/* Begin PBXSourcesBuildPhase section */
		AD22918924890146001E1A26 /* Sources */ = {
			isa = PBXSourcesBuildPhase;
			buildActionMask = 2147483647;
			files = (
				ADDE34A224AF25E500DFD72E /* Person+Sleep.m in Sources */,
				ADDE349F24AF25B800DFD72E /* Person+Eat.m in Sources */,
				AD22919924890374001E1A26 /* Person.m in Sources */,
				AD22919124890146001E1A26 /* main.m in Sources */,
			);
			runOnlyForDeploymentPostprocessing = 0;
		};
/* End PBXSourcesBuildPhase section */

/* Begin XCBuildConfiguration section */
		AD22919224890146001E1A26 /* Debug */ = {
			isa = XCBuildConfiguration;
			buildSettings = {
				ALWAYS_SEARCH_USER_PATHS = NO;
				CLANG_ANALYZER_NONNULL = YES;
				CLANG_ANALYZER_NUMBER_OBJECT_CONVERSION = YES_AGGRESSIVE;
				CLANG_CXX_LANGUAGE_STANDARD = "gnu++14";
				CLANG_CXX_LIBRARY = "libc++";
				CLANG_ENABLE_MODULES = YES;
				CLANG_ENABLE_OBJC_ARC = YES;
				CLANG_ENABLE_OBJC_WEAK = YES;
				CLANG_WARN_BLOCK_CAPTURE_AUTORELEASING = YES;
				CLANG_WARN_BOOL_CONVERSION = YES;
				CLANG_WARN_COMMA = YES;
				CLANG_WARN_CONSTANT_CONVERSION = YES;
				CLANG_WARN_DEPRECATED_OBJC_IMPLEMENTATIONS = YES;
				CLANG_WARN_DIRECT_OBJC_ISA_USAGE = YES_ERROR;
				CLANG_WARN_DOCUMENTATION_COMMENTS = YES;
				CLANG_WARN_EMPTY_BODY = YES;
				CLANG_WARN_ENUM_CONVERSION = YES;
				CLANG_WARN_INFINITE_RECURSION = YES;
				CLANG_WARN_INT_CONVERSION = YES;
				CLANG_WARN_NON_LITERAL_NULL_CONVERSION = YES;
				CLANG_WARN_OBJC_IMPLICIT_RETAIN_SELF = YES;
				CLANG_WARN_OBJC_LITERAL_CONVERSION = YES;
				CLANG_WARN_OBJC_ROOT_CLASS = YES_ERROR;
				CLANG_WARN_RANGE_LOOP_ANALYSIS = YES;
				CLANG_WARN_STRICT_PROTOTYPES = YES;
				CLANG_WARN_SUSPICIOUS_MOVE = YES;
				CLANG_WARN_UNGUARDED_AVAILABILITY = YES_AGGRESSIVE;
				CLANG_WARN_UNREACHABLE_CODE = YES;
				CLANG_WARN__DUPLICATE_METHOD_MATCH = YES;
				COPY_PHASE_STRIP = NO;
				DEBUG_INFORMATION_FORMAT = dwarf;
				ENABLE_STRICT_OBJC_MSGSEND = YES;
				ENABLE_TESTABILITY = YES;
				GCC_C_LANGUAGE_STANDARD = gnu11;
				GCC_DYNAMIC_NO_PIC = NO;
				GCC_NO_COMMON_BLOCKS = YES;
				GCC_OPTIMIZATION_LEVEL = 0;
				GCC_PREPROCESSOR_DEFINITIONS = (
					"DEBUG=1",
					"$(inherited)",
				);
				GCC_WARN_64_TO_32_BIT_CONVERSION = YES;
				GCC_WARN_ABOUT_RETURN_TYPE = YES_ERROR;
				GCC_WARN_UNDECLARED_SELECTOR = YES;
				GCC_WARN_UNINITIALIZED_AUTOS = YES_AGGRESSIVE;
				GCC_WARN_UNUSED_FUNCTION = YES;
				GCC_WARN_UNUSED_VARIABLE = YES;
				MACOSX_DEPLOYMENT_TARGET = 10.15;
				MTL_ENABLE_DEBUG_INFO = INCLUDE_SOURCE;
				MTL_FAST_MATH = YES;
				ONLY_ACTIVE_ARCH = YES;
				SDKROOT = macosx;
			};
			name = Debug;
		};
		AD22919324890146001E1A26 /* Release */ = {
			isa = XCBuildConfiguration;
			buildSettings = {
				ALWAYS_SEARCH_USER_PATHS = NO;
				CLANG_ANALYZER_NONNULL = YES;
				CLANG_ANALYZER_NUMBER_OBJECT_CONVERSION = YES_AGGRESSIVE;
				CLANG_CXX_LANGUAGE_STANDARD = "gnu++14";
				CLANG_CXX_LIBRARY = "libc++";
				CLANG_ENABLE_MODULES = YES;
				CLANG_ENABLE_OBJC_ARC = YES;
				CLANG_ENABLE_OBJC_WEAK = YES;
				CLANG_WARN_BLOCK_CAPTURE_AUTORELEASING = YES;
				CLANG_WARN_BOOL_CONVERSION = YES;
				CLANG_WARN_COMMA = YES;
				CLANG_WARN_CONSTANT_CONVERSION = YES;
				CLANG_WARN_DEPRECATED_OBJC_IMPLEMENTATIONS = YES;
				CLANG_WARN_DIRECT_OBJC_ISA_USAGE = YES_ERROR;
				CLANG_WARN_DOCUMENTATION_COMMENTS = YES;
				CLANG_WARN_EMPTY_BODY = YES;
				CLANG_WARN_ENUM_CONVERSION = YES;
				CLANG_WARN_INFINITE_RECURSION = YES;
				CLANG_WARN_INT_CONVERSION = YES;
				CLANG_WARN_NON_LITERAL_NULL_CONVERSION = YES;
				CLANG_WARN_OBJC_IMPLICIT_RETAIN_SELF = YES;
				CLANG_WARN_OBJC_LITERAL_CONVERSION = YES;
				CLANG_WARN_OBJC_ROOT_CLASS = YES_ERROR;
				CLANG_WARN_RANGE_LOOP_ANALYSIS = YES;
				CLANG_WARN_STRICT_PROTOTYPES = YES;
				CLANG_WARN_SUSPICIOUS_MOVE = YES;
				CLANG_WARN_UNGUARDED_AVAILABILITY = YES_AGGRESSIVE;
				CLANG_WARN_UNREACHABLE_CODE = YES;
				CLANG_WARN__DUPLICATE_METHOD_MATCH = YES;
				COPY_PHASE_STRIP = NO;
				DEBUG_INFORMATION_FORMAT = "dwarf-with-dsym";
				ENABLE_NS_ASSERTIONS = NO;
				ENABLE_STRICT_OBJC_MSGSEND = YES;
				GCC_C_LANGUAGE_STANDARD = gnu11;
				GCC_NO_COMMON_BLOCKS = YES;
				GCC_WARN_64_TO_32_BIT_CONVERSION = YES;
				GCC_WARN_ABOUT_RETURN_TYPE = YES_ERROR;
				GCC_WARN_UNDECLARED_SELECTOR = YES;
				GCC_WARN_UNINITIALIZED_AUTOS = YES_AGGRESSIVE;
				GCC_WARN_UNUSED_FUNCTION = YES;
				GCC_WARN_UNUSED_VARIABLE = YES;
				MACOSX_DEPLOYMENT_TARGET = 10.15;
				MTL_ENABLE_DEBUG_INFO = NO;
				MTL_FAST_MATH = YES;
				SDKROOT = macosx;
			};
			name = Release;
		};
		AD22919524890146001E1A26 /* Debug */ = {
			isa = XCBuildConfiguration;
			buildSettings = {
				CODE_SIGN_STYLE = Automatic;
				DEVELOPMENT_TEAM = 3BCAF5M7TY;
				ENABLE_HARDENED_RUNTIME = YES;
				PRODUCT_NAME = "$(TARGET_NAME)";
			};
			name = Debug;
		};
		AD22919624890146001E1A26 /* Release */ = {
			isa = XCBuildConfiguration;
			buildSettings = {
				CODE_SIGN_STYLE = Automatic;
				DEVELOPMENT_TEAM = 3BCAF5M7TY;
				ENABLE_HARDENED_RUNTIME = YES;
				PRODUCT_NAME = "$(TARGET_NAME)";
			};
			name = Release;
		};
/* End XCBuildConfiguration section */

/* Begin XCConfigurationList section */
		AD22918824890146001E1A26 /* Build configuration list for PBXProject "CategoryPrinciple" */ = {
			isa = XCConfigurationList;
			buildConfigurations = (
				AD22919224890146001E1A26 /* Debug */,
				AD22919324890146001E1A26 /* Release */,
			);
			defaultConfigurationIsVisible = 0;
			defaultConfigurationName = Release;
		};
		AD22919424890146001E1A26 /* Build configuration list for PBXNativeTarget "CategoryPrinciple" */ = {
			isa = XCConfigurationList;
			buildConfigurations = (
				AD22919524890146001E1A26 /* Debug */,
				AD22919624890146001E1A26 /* Release */,
			);
			defaultConfigurationIsVisible = 0;
			defaultConfigurationName = Release;
		};
/* End XCConfigurationList section */
	};
	rootObject = AD22918524890146001E1A26 /* Project object */;
}
