// !$*UTF8*$!
{
	archiveVersion = 1;
	classes = {
	};
	objectVersion = 50;
	objects = {

/* Begin PBXBuildFile section */
		AD48EAE624A1E5CE00F5F349 /* main.m in Sources */ = {isa = PBXBuildFile; fileRef = AD48EAE524A1E5CE00F5F349 /* main.m */; };
		AD48EAEE24A1E61E00F5F349 /* Person.m in Sources */ = {isa = PBXBuildFile; fileRef = AD48EAED24A1E61E00F5F349 /* Person.m */; };
		AD48EAF324A20C6E00F5F349 /* ZHObserver.m in Sources */ = {isa = PBXBuildFile; fileRef = AD48EAF224A20C6E00F5F349 /* ZHObserver.m */; };
/* End PBXBuildFile section */

/* Begin PBXCopyFilesBuildPhase section */
		AD48EAE024A1E5CE00F5F349 /* CopyFiles */ = {
			isa = PBXCopyFilesBuildPhase;
			buildActionMask = 2147483647;
			dstPath = /usr/share/man/man1/;
			dstSubfolderSpec = 0;
			files = (
			);
			runOnlyForDeploymentPostprocessing = 1;
		};
/* End PBXCopyFilesBuildPhase section */

/* Begin PBXFileReference section */
		AD48EAE224A1E5CE00F5F349 /* KVCPrinciple */ = {isa = PBXFileReference; explicitFileType = "compiled.mach-o.executable"; includeInIndex = 0; path = KVCPrinciple; sourceTree = BUILT_PRODUCTS_DIR; };
		AD48EAE524A1E5CE00F5F349 /* main.m */ = {isa = PBXFileReference; lastKnownFileType = sourcecode.c.objc; path = main.m; sourceTree = "<group>"; };
		AD48EAEC24A1E61E00F5F349 /* Person.h */ = {isa = PBXFileReference; lastKnownFileType = sourcecode.c.h; path = Person.h; sourceTree = "<group>"; };
		AD48EAED24A1E61E00F5F349 /* Person.m */ = {isa = PBXFileReference; lastKnownFileType = sourcecode.c.objc; path = Person.m; sourceTree = "<group>"; };
		AD48EAF124A20C6E00F5F349 /* ZHObserver.h */ = {isa = PBXFileReference; lastKnownFileType = sourcecode.c.h; path = ZHObserver.h; sourceTree = "<group>"; };
		AD48EAF224A20C6E00F5F349 /* ZHObserver.m */ = {isa = PBXFileReference; lastKnownFileType = sourcecode.c.objc; path = ZHObserver.m; sourceTree = "<group>"; };
/* End PBXFileReference section */

/* Begin PBXFrameworksBuildPhase section */
		AD48EADF24A1E5CE00F5F349 /* Frameworks */ = {
			isa = PBXFrameworksBuildPhase;
			buildActionMask = 2147483647;
			files = (
			);
			runOnlyForDeploymentPostprocessing = 0;
		};
/* End PBXFrameworksBuildPhase section */

/* Begin PBXGroup section */
		AD48EAD924A1E5CE00F5F349 = {
			isa = PBXGroup;
			children = (
				AD48EAE424A1E5CE00F5F349 /* KVCPrinciple */,
				AD48EAE324A1E5CE00F5F349 /* Products */,
			);
			sourceTree = "<group>";
		};
		AD48EAE324A1E5CE00F5F349 /* Products */ = {
			isa = PBXGroup;
			children = (
				AD48EAE224A1E5CE00F5F349 /* KVCPrinciple */,
			);
			name = Products;
			sourceTree = "<group>";
		};
		AD48EAE424A1E5CE00F5F349 /* KVCPrinciple */ = {
			isa = PBXGroup;
			children = (
				AD48EAE524A1E5CE00F5F349 /* main.m */,
				AD48EAEC24A1E61E00F5F349 /* Person.h */,
				AD48EAED24A1E61E00F5F349 /* Person.m */,
				AD48EAF124A20C6E00F5F349 /* ZHObserver.h */,
				AD48EAF224A20C6E00F5F349 /* ZHObserver.m */,
			);
			path = KVCPrinciple;
			sourceTree = "<group>";
		};
/* End PBXGroup section */

/* Begin PBXNativeTarget section */
		AD48EAE124A1E5CE00F5F349 /* KVCPrinciple */ = {
			isa = PBXNativeTarget;
			buildConfigurationList = AD48EAE924A1E5CE00F5F349 /* Build configuration list for PBXNativeTarget "KVCPrinciple" */;
			buildPhases = (
				AD48EADE24A1E5CE00F5F349 /* Sources */,
				AD48EADF24A1E5CE00F5F349 /* Frameworks */,
				AD48EAE024A1E5CE00F5F349 /* CopyFiles */,
			);
			buildRules = (
			);
			dependencies = (
			);
			name = KVCPrinciple;
			productName = KVCPrinciple;
			productReference = AD48EAE224A1E5CE00F5F349 /* KVCPrinciple */;
			productType = "com.apple.product-type.tool";
		};
/* End PBXNativeTarget section */

/* Begin PBXProject section */
		AD48EADA24A1E5CE00F5F349 /* Project object */ = {
			isa = PBXProject;
			attributes = {
				LastUpgradeCheck = 1140;
				ORGANIZATIONNAME = zzh;
				TargetAttributes = {
					AD48EAE124A1E5CE00F5F349 = {
						CreatedOnToolsVersion = 11.4.1;
					};
				};
			};
			buildConfigurationList = AD48EADD24A1E5CE00F5F349 /* Build configuration list for PBXProject "KVCPrinciple" */;
			compatibilityVersion = "Xcode 9.3";
			developmentRegion = en;
			hasScannedForEncodings = 0;
			knownRegions = (
				en,
				Base,
			);
			mainGroup = AD48EAD924A1E5CE00F5F349;
			productRefGroup = AD48EAE324A1E5CE00F5F349 /* Products */;
			projectDirPath = "";
			projectRoot = "";
			targets = (
				AD48EAE124A1E5CE00F5F349 /* KVCPrinciple */,
			);
		};
/* End PBXProject section */

/* Begin PBXSourcesBuildPhase section */
		AD48EADE24A1E5CE00F5F349 /* Sources */ = {
			isa = PBXSourcesBuildPhase;
			buildActionMask = 2147483647;
			files = (
				AD48EAF324A20C6E00F5F349 /* ZHObserver.m in Sources */,
				AD48EAEE24A1E61E00F5F349 /* Person.m in Sources */,
				AD48EAE624A1E5CE00F5F349 /* main.m in Sources */,
			);
			runOnlyForDeploymentPostprocessing = 0;
		};
/* End PBXSourcesBuildPhase section */

/* Begin XCBuildConfiguration section */
		AD48EAE724A1E5CE00F5F349 /* Debug */ = {
			isa = XCBuildConfiguration;
			buildSettings = {
				ALWAYS_SEARCH_USER_PATHS = NO;
				CLANG_ANALYZER_NONNULL = YES;
				CLANG_ANALYZER_NUMBER_OBJECT_CONVERSION = YES_AGGRESSIVE;
				CLANG_CXX_LANGUAGE_STANDARD = "gnu++14";
				CLANG_CXX_LIBRARY = "libc++";
				CLANG_ENABLE_MODULES = YES;
				CLANG_ENABLE_OBJC_ARC = YES;
				CLANG_ENABLE_OBJC_WEAK = YES;
				CLANG_WARN_BLOCK_CAPTURE_AUTORELEASING = YES;
				CLANG_WARN_BOOL_CONVERSION = YES;
				CLANG_WARN_COMMA = YES;
				CLANG_WARN_CONSTANT_CONVERSION = YES;
				CLANG_WARN_DEPRECATED_OBJC_IMPLEMENTATIONS = YES;
				CLANG_WARN_DIRECT_OBJC_ISA_USAGE = YES_ERROR;
				CLANG_WARN_DOCUMENTATION_COMMENTS = YES;
				CLANG_WARN_EMPTY_BODY = YES;
				CLANG_WARN_ENUM_CONVERSION = YES;
				CLANG_WARN_INFINITE_RECURSION = YES;
				CLANG_WARN_INT_CONVERSION = YES;
				CLANG_WARN_NON_LITERAL_NULL_CONVERSION = YES;
				CLANG_WARN_OBJC_IMPLICIT_RETAIN_SELF = YES;
				CLANG_WARN_OBJC_LITERAL_CONVERSION = YES;
				CLANG_WARN_OBJC_ROOT_CLASS = YES_ERROR;
				CLANG_WARN_RANGE_LOOP_ANALYSIS = YES;
				CLANG_WARN_STRICT_PROTOTYPES = YES;
				CLANG_WARN_SUSPICIOUS_MOVE = YES;
				CLANG_WARN_UNGUARDED_AVAILABILITY = YES_AGGRESSIVE;
				CLANG_WARN_UNREACHABLE_CODE = YES;
				CLANG_WARN__DUPLICATE_METHOD_MATCH = YES;
				COPY_PHASE_STRIP = NO;
				DEBUG_INFORMATION_FORMAT = dwarf;
				ENABLE_STRICT_OBJC_MSGSEND = YES;
				ENABLE_TESTABILITY = YES;
				GCC_C_LANGUAGE_STANDARD = gnu11;
				GCC_DYNAMIC_NO_PIC = NO;
				GCC_NO_COMMON_BLOCKS = YES;
				GCC_OPTIMIZATION_LEVEL = 0;
				GCC_PREPROCESSOR_DEFINITIONS = (
					"DEBUG=1",
					"$(inherited)",
				);
				GCC_WARN_64_TO_32_BIT_CONVERSION = YES;
				GCC_WARN_ABOUT_RETURN_TYPE = YES_ERROR;
				GCC_WARN_UNDECLARED_SELECTOR = YES;
				GCC_WARN_UNINITIALIZED_AUTOS = YES_AGGRESSIVE;
				GCC_WARN_UNUSED_FUNCTION = YES;
				GCC_WARN_UNUSED_VARIABLE = YES;
				MACOSX_DEPLOYMENT_TARGET = 10.15;
				MTL_ENABLE_DEBUG_INFO = INCLUDE_SOURCE;
				MTL_FAST_MATH = YES;
				ONLY_ACTIVE_ARCH = YES;
				SDKROOT = macosx;
			};
			name = Debug;
		};
		AD48EAE824A1E5CE00F5F349 /* Release */ = {
			isa = XCBuildConfiguration;
			buildSettings = {
				ALWAYS_SEARCH_USER_PATHS = NO;
				CLANG_ANALYZER_NONNULL = YES;
				CLANG_ANALYZER_NUMBER_OBJECT_CONVERSION = YES_AGGRESSIVE;
				CLANG_CXX_LANGUAGE_STANDARD = "gnu++14";
				CLANG_CXX_LIBRARY = "libc++";
				CLANG_ENABLE_MODULES = YES;
				CLANG_ENABLE_OBJC_ARC = YES;
				CLANG_ENABLE_OBJC_WEAK = YES;
				CLANG_WARN_BLOCK_CAPTURE_AUTORELEASING = YES;
				CLANG_WARN_BOOL_CONVERSION = YES;
				CLANG_WARN_COMMA = YES;
				CLANG_WARN_CONSTANT_CONVERSION = YES;
				CLANG_WARN_DEPRECATED_OBJC_IMPLEMENTATIONS = YES;
				CLANG_WARN_DIRECT_OBJC_ISA_USAGE = YES_ERROR;
				CLANG_WARN_DOCUMENTATION_COMMENTS = YES;
				CLANG_WARN_EMPTY_BODY = YES;
				CLANG_WARN_ENUM_CONVERSION = YES;
				CLANG_WARN_INFINITE_RECURSION = YES;
				CLANG_WARN_INT_CONVERSION = YES;
				CLANG_WARN_NON_LITERAL_NULL_CONVERSION = YES;
				CLANG_WARN_OBJC_IMPLICIT_RETAIN_SELF = YES;
				CLANG_WARN_OBJC_LITERAL_CONVERSION = YES;
				CLANG_WARN_OBJC_ROOT_CLASS = YES_ERROR;
				CLANG_WARN_RANGE_LOOP_ANALYSIS = YES;
				CLANG_WARN_STRICT_PROTOTYPES = YES;
				CLANG_WARN_SUSPICIOUS_MOVE = YES;
				CLANG_WARN_UNGUARDED_AVAILABILITY = YES_AGGRESSIVE;
				CLANG_WARN_UNREACHABLE_CODE = YES;
				CLANG_WARN__DUPLICATE_METHOD_MATCH = YES;
				COPY_PHASE_STRIP = NO;
				DEBUG_INFORMATION_FORMAT = "dwarf-with-dsym";
				ENABLE_NS_ASSERTIONS = NO;
				ENABLE_STRICT_OBJC_MSGSEND = YES;
				GCC_C_LANGUAGE_STANDARD = gnu11;
				GCC_NO_COMMON_BLOCKS = YES;
				GCC_WARN_64_TO_32_BIT_CONVERSION = YES;
				GCC_WARN_ABOUT_RETURN_TYPE = YES_ERROR;
				GCC_WARN_UNDECLARED_SELECTOR = YES;
				GCC_WARN_UNINITIALIZED_AUTOS = YES_AGGRESSIVE;
				GCC_WARN_UNUSED_FUNCTION = YES;
				GCC_WARN_UNUSED_VARIABLE = YES;
				MACOSX_DEPLOYMENT_TARGET = 10.15;
				MTL_ENABLE_DEBUG_INFO = NO;
				MTL_FAST_MATH = YES;
				SDKROOT = macosx;
			};
			name = Release;
		};
		AD48EAEA24A1E5CE00F5F349 /* Debug */ = {
			isa = XCBuildConfiguration;
			buildSettings = {
				CODE_SIGN_STYLE = Automatic;
				DEVELOPMENT_TEAM = 3BCAF5M7TY;
				ENABLE_HARDENED_RUNTIME = YES;
				PRODUCT_NAME = "$(TARGET_NAME)";
			};
			name = Debug;
		};
		AD48EAEB24A1E5CE00F5F349 /* Release */ = {
			isa = XCBuildConfiguration;
			buildSettings = {
				CODE_SIGN_STYLE = Automatic;
				DEVELOPMENT_TEAM = 3BCAF5M7TY;
				ENABLE_HARDENED_RUNTIME = YES;
				PRODUCT_NAME = "$(TARGET_NAME)";
			};
			name = Release;
		};
/* End XCBuildConfiguration section */

/* Begin XCConfigurationList section */
		AD48EADD24A1E5CE00F5F349 /* Build configuration list for PBXProject "KVCPrinciple" */ = {
			isa = XCConfigurationList;
			buildConfigurations = (
				AD48EAE724A1E5CE00F5F349 /* Debug */,
				AD48EAE824A1E5CE00F5F349 /* Release */,
			);
			defaultConfigurationIsVisible = 0;
			defaultConfigurationName = Release;
		};
		AD48EAE924A1E5CE00F5F349 /* Build configuration list for PBXNativeTarget "KVCPrinciple" */ = {
			isa = XCConfigurationList;
			buildConfigurations = (
				AD48EAEA24A1E5CE00F5F349 /* Debug */,
				AD48EAEB24A1E5CE00F5F349 /* Release */,
			);
			defaultConfigurationIsVisible = 0;
			defaultConfigurationName = Release;
		};
/* End XCConfigurationList section */
	};
	rootObject = AD48EADA24A1E5CE00F5F349 /* Project object */;
}
